
Microsoft Visual Studio Solution File, Format Version 12.00
# Visual Studio Version 17
VisualStudioVersion = 17.0.31919.166
MinimumVisualStudioVersion = 10.0.40219.1
Project("{FAE04EC0-301F-11D3-BF4B-00C04F79EFBC}") = "Assembler", "Assembler\Assembler.csproj", "{61569DC9-6C37-4075-A489-4DE8A6D8DF3F}"
EndProject
Global
	GlobalSection(SolutionConfigurationPlatforms) = preSolution
		Debug|Any CPU = Debug|Any CPU
		Release|Any CPU = Release|Any CPU
	EndGlobalSection
	GlobalSection(ProjectConfigurationPlatforms) = postSolution
		{61569DC9-6C37-4075-A489-4DE8A6D8DF3F}.Debug|Any CPU.ActiveCfg = Debug|Any CPU
		{61569DC9-6C37-4075-A489-4DE8A6D8DF3F}.Debug|Any CPU.Build.0 = Debug|Any CPU
		{61569DC9-6C37-4075-A489-4DE8A6D8DF3F}.Release|Any CPU.ActiveCfg = Release|Any CPU
		{61569DC9-6C37-4075-A489-4DE8A6D8DF3F}.Release|Any CPU.Build.0 = Release|Any CPU
	EndGlobalSection
	GlobalSection(SolutionProperties) = preSolution
		HideSolutionNode = FALSE
	EndGlobalSection
	GlobalSection(ExtensibilityGlobals) = postSolution
		SolutionGuid = {3910227B-7FA6-4168-9AED-5D6724856BF1}
	EndGlobalSection
EndGlobal
